version: 2.0
shards:
  backtracer:
    git: https://github.com/sija/backtracer.cr.git
    version: 1.2.2

  coffee:
    git: https://github.com/636f7374/coffee.cr.git
    version: 0.1.1

  connect-proxy:
    git: https://github.com/spider-gazelle/connect-proxy.git
    version: 2.0.0

  crest:
    git: https://github.com/mamantoha/crest.git
    version: 1.3.6

  durian:
    git: https://github.com/636f7374/durian.cr.git
    version: 0.1.5

  exception_page:
    git: https://github.com/crystal-loot/exception_page.git
    version: 0.3.0

  herbal:
    git: https://github.com/636f7374/herbal.cr.git
    version: 0.1.3

  http-client-digest_auth:
    git: https://github.com/mamantoha/http-client-digest_auth.git
    version: 0.6.0

  http_proxy:
    git: https://github.com/mamantoha/http_proxy.git
    version: 0.9.0

  ipaddress:
    git: https://github.com/64726f70/ipaddress.cr.git
    version: 1.0.0

  kemal:
    git: https://github.com/kemalcr/kemal.git
    version: 1.3.0

  radix:
    git: https://github.com/luislavena/radix.git
    version: 0.4.1

  socks:
    git: https://github.com/jkthorne/sox.git
    version: 0.1.0

  wrench:
    git: https://github.com/73686f77/wrench.cr.git
    version: 0.1.3

